
Microsoft Visual Studio Solution File, Format Version 12.00
# Visual Studio Version 17
VisualStudioVersion = 17.10.35027.167
MinimumVisualStudioVersion = 10.0.40219.1
Project("{9A19103F-16F7-4668-BE54-9A1E7A4F7556}") = "Estrutura_if", "Estrutura_if\Estrutura_if.csproj", "{86AB1130-0E00-4E7A-A14C-154B2E482C2B}"
EndProject
Project("{9A19103F-16F7-4668-BE54-9A1E7A4F7556}") = "Estruturas_if_else", "Estruturas_if_else\Estruturas_if_else.csproj", "{D9F721E2-A0A2-422F-A021-D14A19E10481}"
EndProject
Project("{9A19103F-16F7-4668-BE54-9A1E7A4F7556}") = "Estrutura_if_else_if", "Estrutura_if_else_if\Estrutura_if_else_if.csproj", "{BB611FEF-9543-4CEA-B45A-1B13E20EC6D3}"
EndProject
Project("{9A19103F-16F7-4668-BE54-9A1E7A4F7556}") = "Estrutura_switch", "Instrucao_switch\Estrutura_switch.csproj", "{38BE49A4-E047-44B7-98D8-6C774B6076A6}"
EndProject
Project("{9A19103F-16F7-4668-BE54-9A1E7A4F7556}") = "Estrutura_switch2", "Estrutura_switch2\Estrutura_switch2.csproj", "{ED61E392-9E45-4C88-85DA-7D7DB5434B05}"
EndProject
Project("{9A19103F-16F7-4668-BE54-9A1E7A4F7556}") = "Repeticao_while", "Repeticao_while\Repeticao_while.csproj", "{9633D91B-1462-458A-86F4-A7C160767DBA}"
EndProject
Project("{9A19103F-16F7-4668-BE54-9A1E7A4F7556}") = "Repeticao_while2", "Repeticao_while2\Repeticao_while2.csproj", "{87458B37-D6EA-4FDF-BFA3-532A3F1A248C}"
EndProject
Project("{FAE04EC0-301F-11D3-BF4B-00C04F79EFBC}") = "Repeticao_while3", "Repeticao_while3\Repeticao_while3.csproj", "{719E09FC-74E7-4E2F-9FA2-991457AB27B2}"
EndProject
Project("{FAE04EC0-301F-11D3-BF4B-00C04F79EFBC}") = "Repeticao_for", "Repeticao_for\Repeticao_for.csproj", "{C2EF5926-57DD-46B1-9560-FE3C4E2E7167}"
EndProject
Global
	GlobalSection(SolutionConfigurationPlatforms) = preSolution
		Debug|Any CPU = Debug|Any CPU
		Release|Any CPU = Release|Any CPU
	EndGlobalSection
	GlobalSection(ProjectConfigurationPlatforms) = postSolution
		{86AB1130-0E00-4E7A-A14C-154B2E482C2B}.Debug|Any CPU.ActiveCfg = Debug|Any CPU
		{86AB1130-0E00-4E7A-A14C-154B2E482C2B}.Debug|Any CPU.Build.0 = Debug|Any CPU
		{86AB1130-0E00-4E7A-A14C-154B2E482C2B}.Release|Any CPU.ActiveCfg = Release|Any CPU
		{86AB1130-0E00-4E7A-A14C-154B2E482C2B}.Release|Any CPU.Build.0 = Release|Any CPU
		{D9F721E2-A0A2-422F-A021-D14A19E10481}.Debug|Any CPU.ActiveCfg = Debug|Any CPU
		{D9F721E2-A0A2-422F-A021-D14A19E10481}.Debug|Any CPU.Build.0 = Debug|Any CPU
		{D9F721E2-A0A2-422F-A021-D14A19E10481}.Release|Any CPU.ActiveCfg = Release|Any CPU
		{D9F721E2-A0A2-422F-A021-D14A19E10481}.Release|Any CPU.Build.0 = Release|Any CPU
		{BB611FEF-9543-4CEA-B45A-1B13E20EC6D3}.Debug|Any CPU.ActiveCfg = Debug|Any CPU
		{BB611FEF-9543-4CEA-B45A-1B13E20EC6D3}.Debug|Any CPU.Build.0 = Debug|Any CPU
		{BB611FEF-9543-4CEA-B45A-1B13E20EC6D3}.Release|Any CPU.ActiveCfg = Release|Any CPU
		{BB611FEF-9543-4CEA-B45A-1B13E20EC6D3}.Release|Any CPU.Build.0 = Release|Any CPU
		{38BE49A4-E047-44B7-98D8-6C774B6076A6}.Debug|Any CPU.ActiveCfg = Debug|Any CPU
		{38BE49A4-E047-44B7-98D8-6C774B6076A6}.Debug|Any CPU.Build.0 = Debug|Any CPU
		{38BE49A4-E047-44B7-98D8-6C774B6076A6}.Release|Any CPU.ActiveCfg = Release|Any CPU
		{38BE49A4-E047-44B7-98D8-6C774B6076A6}.Release|Any CPU.Build.0 = Release|Any CPU
		{ED61E392-9E45-4C88-85DA-7D7DB5434B05}.Debug|Any CPU.ActiveCfg = Debug|Any CPU
		{ED61E392-9E45-4C88-85DA-7D7DB5434B05}.Debug|Any CPU.Build.0 = Debug|Any CPU
		{ED61E392-9E45-4C88-85DA-7D7DB5434B05}.Release|Any CPU.ActiveCfg = Release|Any CPU
		{ED61E392-9E45-4C88-85DA-7D7DB5434B05}.Release|Any CPU.Build.0 = Release|Any CPU
		{9633D91B-1462-458A-86F4-A7C160767DBA}.Debug|Any CPU.ActiveCfg = Debug|Any CPU
		{9633D91B-1462-458A-86F4-A7C160767DBA}.Debug|Any CPU.Build.0 = Debug|Any CPU
		{9633D91B-1462-458A-86F4-A7C160767DBA}.Release|Any CPU.ActiveCfg = Release|Any CPU
		{9633D91B-1462-458A-86F4-A7C160767DBA}.Release|Any CPU.Build.0 = Release|Any CPU
		{87458B37-D6EA-4FDF-BFA3-532A3F1A248C}.Debug|Any CPU.ActiveCfg = Debug|Any CPU
		{87458B37-D6EA-4FDF-BFA3-532A3F1A248C}.Debug|Any CPU.Build.0 = Debug|Any CPU
		{87458B37-D6EA-4FDF-BFA3-532A3F1A248C}.Release|Any CPU.ActiveCfg = Release|Any CPU
		{87458B37-D6EA-4FDF-BFA3-532A3F1A248C}.Release|Any CPU.Build.0 = Release|Any CPU
		{719E09FC-74E7-4E2F-9FA2-991457AB27B2}.Debug|Any CPU.ActiveCfg = Debug|Any CPU
		{719E09FC-74E7-4E2F-9FA2-991457AB27B2}.Debug|Any CPU.Build.0 = Debug|Any CPU
		{719E09FC-74E7-4E2F-9FA2-991457AB27B2}.Release|Any CPU.ActiveCfg = Release|Any CPU
		{719E09FC-74E7-4E2F-9FA2-991457AB27B2}.Release|Any CPU.Build.0 = Release|Any CPU
		{C2EF5926-57DD-46B1-9560-FE3C4E2E7167}.Debug|Any CPU.ActiveCfg = Debug|Any CPU
		{C2EF5926-57DD-46B1-9560-FE3C4E2E7167}.Debug|Any CPU.Build.0 = Debug|Any CPU
		{C2EF5926-57DD-46B1-9560-FE3C4E2E7167}.Release|Any CPU.ActiveCfg = Release|Any CPU
		{C2EF5926-57DD-46B1-9560-FE3C4E2E7167}.Release|Any CPU.Build.0 = Release|Any CPU
	EndGlobalSection
	GlobalSection(SolutionProperties) = preSolution
		HideSolutionNode = FALSE
	EndGlobalSection
	GlobalSection(ExtensibilityGlobals) = postSolution
		SolutionGuid = {B341B275-EC1C-45F2-8ECA-D7E82B13B49E}
	EndGlobalSection
EndGlobal
