
Microsoft Visual Studio Solution File, Format Version 12.00
# Visual Studio Version 17
VisualStudioVersion = 17.9.34723.18
MinimumVisualStudioVersion = 10.0.40219.1
Project("{9A19103F-16F7-4668-BE54-9A1E7A4F7556}") = "TiposDeDados1", "TiposDeDados1\TiposDeDados1.csproj", "{A43572F7-54C1-472A-9EFE-890378EC5CE0}"
EndProject
Project("{9A19103F-16F7-4668-BE54-9A1E7A4F7556}") = "TiposDeDados2", "TiposDeDados2\TiposDeDados2.csproj", "{B477579B-D64B-4E35-BEEB-627A5CF7930A}"
EndProject
Project("{9A19103F-16F7-4668-BE54-9A1E7A4F7556}") = "TiposDeDados3", "TiposDeDados3\TiposDeDados3.csproj", "{8E7DAE9B-6A04-4AC6-BA00-66A0277CBFFF}"
EndProject
Project("{9A19103F-16F7-4668-BE54-9A1E7A4F7556}") = "TiposDeDados4", "TiposDeDados4\TiposDeDados4.csproj", "{200827E0-1D0A-4B06-926E-611B18B37107}"
EndProject
Project("{9A19103F-16F7-4668-BE54-9A1E7A4F7556}") = "TipoDateTime1", "TipoDateTime1\TipoDateTime1.csproj", "{7DCB7547-8957-429E-8F2A-6ECDDF3B7B32}"
EndProject
Global
	GlobalSection(SolutionConfigurationPlatforms) = preSolution
		Debug|Any CPU = Debug|Any CPU
		Release|Any CPU = Release|Any CPU
	EndGlobalSection
	GlobalSection(ProjectConfigurationPlatforms) = postSolution
		{A43572F7-54C1-472A-9EFE-890378EC5CE0}.Debug|Any CPU.ActiveCfg = Debug|Any CPU
		{A43572F7-54C1-472A-9EFE-890378EC5CE0}.Debug|Any CPU.Build.0 = Debug|Any CPU
		{A43572F7-54C1-472A-9EFE-890378EC5CE0}.Release|Any CPU.ActiveCfg = Release|Any CPU
		{A43572F7-54C1-472A-9EFE-890378EC5CE0}.Release|Any CPU.Build.0 = Release|Any CPU
		{B477579B-D64B-4E35-BEEB-627A5CF7930A}.Debug|Any CPU.ActiveCfg = Debug|Any CPU
		{B477579B-D64B-4E35-BEEB-627A5CF7930A}.Debug|Any CPU.Build.0 = Debug|Any CPU
		{B477579B-D64B-4E35-BEEB-627A5CF7930A}.Release|Any CPU.ActiveCfg = Release|Any CPU
		{B477579B-D64B-4E35-BEEB-627A5CF7930A}.Release|Any CPU.Build.0 = Release|Any CPU
		{8E7DAE9B-6A04-4AC6-BA00-66A0277CBFFF}.Debug|Any CPU.ActiveCfg = Debug|Any CPU
		{8E7DAE9B-6A04-4AC6-BA00-66A0277CBFFF}.Debug|Any CPU.Build.0 = Debug|Any CPU
		{8E7DAE9B-6A04-4AC6-BA00-66A0277CBFFF}.Release|Any CPU.ActiveCfg = Release|Any CPU
		{8E7DAE9B-6A04-4AC6-BA00-66A0277CBFFF}.Release|Any CPU.Build.0 = Release|Any CPU
		{200827E0-1D0A-4B06-926E-611B18B37107}.Debug|Any CPU.ActiveCfg = Debug|Any CPU
		{200827E0-1D0A-4B06-926E-611B18B37107}.Debug|Any CPU.Build.0 = Debug|Any CPU
		{200827E0-1D0A-4B06-926E-611B18B37107}.Release|Any CPU.ActiveCfg = Release|Any CPU
		{200827E0-1D0A-4B06-926E-611B18B37107}.Release|Any CPU.Build.0 = Release|Any CPU
		{7DCB7547-8957-429E-8F2A-6ECDDF3B7B32}.Debug|Any CPU.ActiveCfg = Debug|Any CPU
		{7DCB7547-8957-429E-8F2A-6ECDDF3B7B32}.Debug|Any CPU.Build.0 = Debug|Any CPU
		{7DCB7547-8957-429E-8F2A-6ECDDF3B7B32}.Release|Any CPU.ActiveCfg = Release|Any CPU
		{7DCB7547-8957-429E-8F2A-6ECDDF3B7B32}.Release|Any CPU.Build.0 = Release|Any CPU
	EndGlobalSection
	GlobalSection(SolutionProperties) = preSolution
		HideSolutionNode = FALSE
	EndGlobalSection
	GlobalSection(ExtensibilityGlobals) = postSolution
		SolutionGuid = {25041B04-6BDD-4105-84E7-65568B25ED90}
	EndGlobalSection
EndGlobal
