
Microsoft Visual Studio Solution File, Format Version 12.00
# Visual Studio Version 17
VisualStudioVersion = 17.9.34723.18
MinimumVisualStudioVersion = 10.0.40219.1
Project("{9A19103F-16F7-4668-BE54-9A1E7A4F7556}") = "TiposDeDados1", "TiposDeDados1\TiposDeDados1.csproj", "{A43572F7-54C1-472A-9EFE-890378EC5CE0}"
EndProject
Project("{9A19103F-16F7-4668-BE54-9A1E7A4F7556}") = "TiposDeDados2", "TiposDeDados2\TiposDeDados2.csproj", "{B477579B-D64B-4E35-BEEB-627A5CF7930A}"
EndProject
Project("{9A19103F-16F7-4668-BE54-9A1E7A4F7556}") = "TiposDeDados3", "TiposDeDados3\TiposDeDados3.csproj", "{8E7DAE9B-6A04-4AC6-BA00-66A0277CBFFF}"
EndProject
Project("{9A19103F-16F7-4668-BE54-9A1E7A4F7556}") = "TiposDeDados4", "TiposDeDados4\TiposDeDados4.csproj", "{200827E0-1D0A-4B06-926E-611B18B37107}"
EndProject
Project("{9A19103F-16F7-4668-BE54-9A1E7A4F7556}") = "TipoDateTime1", "TipoDateTime1\TipoDateTime1.csproj", "{7DCB7547-8957-429E-8F2A-6ECDDF3B7B32}"
EndProject
Project("{9A19103F-16F7-4668-BE54-9A1E7A4F7556}") = "Identificadores", "Identificadores\Identificadores.csproj", "{542757F3-9FD7-4570-B1C0-FB4F8444C66A}"
EndProject
Project("{9A19103F-16F7-4668-BE54-9A1E7A4F7556}") = "SaidaDados", "SaidaDados\SaidaDados.csproj", "{CA5F8A79-FFCE-437D-9346-3F1DF7BC87F8}"
EndProject
Project("{9A19103F-16F7-4668-BE54-9A1E7A4F7556}") = "SaidaDados2", "SaidaDados2\SaidaDados2.csproj", "{BAC351D8-6CA1-473D-A8A9-8D177D88F217}"
EndProject
Project("{9A19103F-16F7-4668-BE54-9A1E7A4F7556}") = "ConversaoTipos1", "ConversaoTipos1\ConversaoTipos1.csproj", "{3C8B8B83-0CB8-4BC9-8866-11D5ABD11F06}"
EndProject
Project("{9A19103F-16F7-4668-BE54-9A1E7A4F7556}") = "EntradaDeDados", "EntradaDeDados\EntradaDeDados.csproj", "{D1F43249-2687-4C61-9848-987513362ABE}"
EndProject
Project("{9A19103F-16F7-4668-BE54-9A1E7A4F7556}") = "OperadoresAritmeticos", "OperadoresAritmeticos\OperadoresAritmeticos.csproj", "{187964DA-3BCA-4FEE-A7CC-29D9AB1418A5}"
EndProject
Project("{9A19103F-16F7-4668-BE54-9A1E7A4F7556}") = "InferenciaTipos", "InferenciaTipos\InferenciaTipos.csproj", "{27974A5A-232D-441F-8925-480B39FF58D1}"
EndProject
Project("{9A19103F-16F7-4668-BE54-9A1E7A4F7556}") = "OperadoresAtribuicao", "OperadoresAtribuicao\OperadoresAtribuicao.csproj", "{D1AB6F0D-A0C6-4954-80C2-7AC57F9A3409}"
EndProject
Project("{9A19103F-16F7-4668-BE54-9A1E7A4F7556}") = "Constantes", "Constantes\Constantes.csproj", "{D63E144F-5F91-4640-9D22-EEC15D6F99FE}"
EndProject
Project("{9A19103F-16F7-4668-BE54-9A1E7A4F7556}") = "OperadoresIncrementoDecremento", "OperadoresIncrementoDecremento\OperadoresIncrementoDecremento.csproj", "{60893FD1-D102-4784-B482-43390D5C9697}"
EndProject
Project("{9A19103F-16F7-4668-BE54-9A1E7A4F7556}") = "OperadoresRelacionais", "OperadoresRelacionais\OperadoresRelacionais.csproj", "{65C4F094-5947-4D0F-8D69-A0B4D6034D92}"
EndProject
Project("{9A19103F-16F7-4668-BE54-9A1E7A4F7556}") = "OperadoresLogicos", "OperadoresLogicos\OperadoresLogicos.csproj", "{D78573DE-0E38-423C-A747-236AC150C31D}"
EndProject
Project("{9A19103F-16F7-4668-BE54-9A1E7A4F7556}") = "PrecedenciaOperadores", "PrecedenciaOperadores\PrecedenciaOperadores.csproj", "{3039C97F-D9EB-4B06-9B5D-9A0B75E5CFEA}"
EndProject
Project("{9A19103F-16F7-4668-BE54-9A1E7A4F7556}") = "NullableTypes", "NullableTypes\NullableTypes.csproj", "{05FB3063-2F7E-4348-A20B-21D7E3B7DBE2}"
EndProject
Project("{9A19103F-16F7-4668-BE54-9A1E7A4F7556}") = "OperadorTernario", "OperadorTernario\OperadorTernario.csproj", "{B830A4FE-4815-49D8-91FF-BAA7750C03FF}"
EndProject
Project("{9A19103F-16F7-4668-BE54-9A1E7A4F7556}") = "Exe01", "Exe01\Exe01.csproj", "{43345575-4503-40B4-9085-5A0AFB84A066}"
EndProject
Project("{FAE04EC0-301F-11D3-BF4B-00C04F79EFBC}") = "Exe02", "Exe02\Exe02.csproj", "{83F3099E-36F1-4BC8-8882-DD57106041A0}"
EndProject
Global
	GlobalSection(SolutionConfigurationPlatforms) = preSolution
		Debug|Any CPU = Debug|Any CPU
		Release|Any CPU = Release|Any CPU
	EndGlobalSection
	GlobalSection(ProjectConfigurationPlatforms) = postSolution
		{A43572F7-54C1-472A-9EFE-890378EC5CE0}.Debug|Any CPU.ActiveCfg = Debug|Any CPU
		{A43572F7-54C1-472A-9EFE-890378EC5CE0}.Debug|Any CPU.Build.0 = Debug|Any CPU
		{A43572F7-54C1-472A-9EFE-890378EC5CE0}.Release|Any CPU.ActiveCfg = Release|Any CPU
		{A43572F7-54C1-472A-9EFE-890378EC5CE0}.Release|Any CPU.Build.0 = Release|Any CPU
		{B477579B-D64B-4E35-BEEB-627A5CF7930A}.Debug|Any CPU.ActiveCfg = Debug|Any CPU
		{B477579B-D64B-4E35-BEEB-627A5CF7930A}.Debug|Any CPU.Build.0 = Debug|Any CPU
		{B477579B-D64B-4E35-BEEB-627A5CF7930A}.Release|Any CPU.ActiveCfg = Release|Any CPU
		{B477579B-D64B-4E35-BEEB-627A5CF7930A}.Release|Any CPU.Build.0 = Release|Any CPU
		{8E7DAE9B-6A04-4AC6-BA00-66A0277CBFFF}.Debug|Any CPU.ActiveCfg = Debug|Any CPU
		{8E7DAE9B-6A04-4AC6-BA00-66A0277CBFFF}.Debug|Any CPU.Build.0 = Debug|Any CPU
		{8E7DAE9B-6A04-4AC6-BA00-66A0277CBFFF}.Release|Any CPU.ActiveCfg = Release|Any CPU
		{8E7DAE9B-6A04-4AC6-BA00-66A0277CBFFF}.Release|Any CPU.Build.0 = Release|Any CPU
		{200827E0-1D0A-4B06-926E-611B18B37107}.Debug|Any CPU.ActiveCfg = Debug|Any CPU
		{200827E0-1D0A-4B06-926E-611B18B37107}.Debug|Any CPU.Build.0 = Debug|Any CPU
		{200827E0-1D0A-4B06-926E-611B18B37107}.Release|Any CPU.ActiveCfg = Release|Any CPU
		{200827E0-1D0A-4B06-926E-611B18B37107}.Release|Any CPU.Build.0 = Release|Any CPU
		{7DCB7547-8957-429E-8F2A-6ECDDF3B7B32}.Debug|Any CPU.ActiveCfg = Debug|Any CPU
		{7DCB7547-8957-429E-8F2A-6ECDDF3B7B32}.Debug|Any CPU.Build.0 = Debug|Any CPU
		{7DCB7547-8957-429E-8F2A-6ECDDF3B7B32}.Release|Any CPU.ActiveCfg = Release|Any CPU
		{7DCB7547-8957-429E-8F2A-6ECDDF3B7B32}.Release|Any CPU.Build.0 = Release|Any CPU
		{542757F3-9FD7-4570-B1C0-FB4F8444C66A}.Debug|Any CPU.ActiveCfg = Debug|Any CPU
		{542757F3-9FD7-4570-B1C0-FB4F8444C66A}.Debug|Any CPU.Build.0 = Debug|Any CPU
		{542757F3-9FD7-4570-B1C0-FB4F8444C66A}.Release|Any CPU.ActiveCfg = Release|Any CPU
		{542757F3-9FD7-4570-B1C0-FB4F8444C66A}.Release|Any CPU.Build.0 = Release|Any CPU
		{CA5F8A79-FFCE-437D-9346-3F1DF7BC87F8}.Debug|Any CPU.ActiveCfg = Debug|Any CPU
		{CA5F8A79-FFCE-437D-9346-3F1DF7BC87F8}.Debug|Any CPU.Build.0 = Debug|Any CPU
		{CA5F8A79-FFCE-437D-9346-3F1DF7BC87F8}.Release|Any CPU.ActiveCfg = Release|Any CPU
		{CA5F8A79-FFCE-437D-9346-3F1DF7BC87F8}.Release|Any CPU.Build.0 = Release|Any CPU
		{BAC351D8-6CA1-473D-A8A9-8D177D88F217}.Debug|Any CPU.ActiveCfg = Debug|Any CPU
		{BAC351D8-6CA1-473D-A8A9-8D177D88F217}.Debug|Any CPU.Build.0 = Debug|Any CPU
		{BAC351D8-6CA1-473D-A8A9-8D177D88F217}.Release|Any CPU.ActiveCfg = Release|Any CPU
		{BAC351D8-6CA1-473D-A8A9-8D177D88F217}.Release|Any CPU.Build.0 = Release|Any CPU
		{3C8B8B83-0CB8-4BC9-8866-11D5ABD11F06}.Debug|Any CPU.ActiveCfg = Debug|Any CPU
		{3C8B8B83-0CB8-4BC9-8866-11D5ABD11F06}.Debug|Any CPU.Build.0 = Debug|Any CPU
		{3C8B8B83-0CB8-4BC9-8866-11D5ABD11F06}.Release|Any CPU.ActiveCfg = Release|Any CPU
		{3C8B8B83-0CB8-4BC9-8866-11D5ABD11F06}.Release|Any CPU.Build.0 = Release|Any CPU
		{D1F43249-2687-4C61-9848-987513362ABE}.Debug|Any CPU.ActiveCfg = Debug|Any CPU
		{D1F43249-2687-4C61-9848-987513362ABE}.Debug|Any CPU.Build.0 = Debug|Any CPU
		{D1F43249-2687-4C61-9848-987513362ABE}.Release|Any CPU.ActiveCfg = Release|Any CPU
		{D1F43249-2687-4C61-9848-987513362ABE}.Release|Any CPU.Build.0 = Release|Any CPU
		{187964DA-3BCA-4FEE-A7CC-29D9AB1418A5}.Debug|Any CPU.ActiveCfg = Debug|Any CPU
		{187964DA-3BCA-4FEE-A7CC-29D9AB1418A5}.Debug|Any CPU.Build.0 = Debug|Any CPU
		{187964DA-3BCA-4FEE-A7CC-29D9AB1418A5}.Release|Any CPU.ActiveCfg = Release|Any CPU
		{187964DA-3BCA-4FEE-A7CC-29D9AB1418A5}.Release|Any CPU.Build.0 = Release|Any CPU
		{27974A5A-232D-441F-8925-480B39FF58D1}.Debug|Any CPU.ActiveCfg = Debug|Any CPU
		{27974A5A-232D-441F-8925-480B39FF58D1}.Debug|Any CPU.Build.0 = Debug|Any CPU
		{27974A5A-232D-441F-8925-480B39FF58D1}.Release|Any CPU.ActiveCfg = Release|Any CPU
		{27974A5A-232D-441F-8925-480B39FF58D1}.Release|Any CPU.Build.0 = Release|Any CPU
		{D1AB6F0D-A0C6-4954-80C2-7AC57F9A3409}.Debug|Any CPU.ActiveCfg = Debug|Any CPU
		{D1AB6F0D-A0C6-4954-80C2-7AC57F9A3409}.Debug|Any CPU.Build.0 = Debug|Any CPU
		{D1AB6F0D-A0C6-4954-80C2-7AC57F9A3409}.Release|Any CPU.ActiveCfg = Release|Any CPU
		{D1AB6F0D-A0C6-4954-80C2-7AC57F9A3409}.Release|Any CPU.Build.0 = Release|Any CPU
		{D63E144F-5F91-4640-9D22-EEC15D6F99FE}.Debug|Any CPU.ActiveCfg = Debug|Any CPU
		{D63E144F-5F91-4640-9D22-EEC15D6F99FE}.Debug|Any CPU.Build.0 = Debug|Any CPU
		{D63E144F-5F91-4640-9D22-EEC15D6F99FE}.Release|Any CPU.ActiveCfg = Release|Any CPU
		{D63E144F-5F91-4640-9D22-EEC15D6F99FE}.Release|Any CPU.Build.0 = Release|Any CPU
		{60893FD1-D102-4784-B482-43390D5C9697}.Debug|Any CPU.ActiveCfg = Debug|Any CPU
		{60893FD1-D102-4784-B482-43390D5C9697}.Debug|Any CPU.Build.0 = Debug|Any CPU
		{60893FD1-D102-4784-B482-43390D5C9697}.Release|Any CPU.ActiveCfg = Release|Any CPU
		{60893FD1-D102-4784-B482-43390D5C9697}.Release|Any CPU.Build.0 = Release|Any CPU
		{65C4F094-5947-4D0F-8D69-A0B4D6034D92}.Debug|Any CPU.ActiveCfg = Debug|Any CPU
		{65C4F094-5947-4D0F-8D69-A0B4D6034D92}.Debug|Any CPU.Build.0 = Debug|Any CPU
		{65C4F094-5947-4D0F-8D69-A0B4D6034D92}.Release|Any CPU.ActiveCfg = Release|Any CPU
		{65C4F094-5947-4D0F-8D69-A0B4D6034D92}.Release|Any CPU.Build.0 = Release|Any CPU
		{D78573DE-0E38-423C-A747-236AC150C31D}.Debug|Any CPU.ActiveCfg = Debug|Any CPU
		{D78573DE-0E38-423C-A747-236AC150C31D}.Debug|Any CPU.Build.0 = Debug|Any CPU
		{D78573DE-0E38-423C-A747-236AC150C31D}.Release|Any CPU.ActiveCfg = Release|Any CPU
		{D78573DE-0E38-423C-A747-236AC150C31D}.Release|Any CPU.Build.0 = Release|Any CPU
		{3039C97F-D9EB-4B06-9B5D-9A0B75E5CFEA}.Debug|Any CPU.ActiveCfg = Debug|Any CPU
		{3039C97F-D9EB-4B06-9B5D-9A0B75E5CFEA}.Debug|Any CPU.Build.0 = Debug|Any CPU
		{3039C97F-D9EB-4B06-9B5D-9A0B75E5CFEA}.Release|Any CPU.ActiveCfg = Release|Any CPU
		{3039C97F-D9EB-4B06-9B5D-9A0B75E5CFEA}.Release|Any CPU.Build.0 = Release|Any CPU
		{05FB3063-2F7E-4348-A20B-21D7E3B7DBE2}.Debug|Any CPU.ActiveCfg = Debug|Any CPU
		{05FB3063-2F7E-4348-A20B-21D7E3B7DBE2}.Debug|Any CPU.Build.0 = Debug|Any CPU
		{05FB3063-2F7E-4348-A20B-21D7E3B7DBE2}.Release|Any CPU.ActiveCfg = Release|Any CPU
		{05FB3063-2F7E-4348-A20B-21D7E3B7DBE2}.Release|Any CPU.Build.0 = Release|Any CPU
		{B830A4FE-4815-49D8-91FF-BAA7750C03FF}.Debug|Any CPU.ActiveCfg = Debug|Any CPU
		{B830A4FE-4815-49D8-91FF-BAA7750C03FF}.Debug|Any CPU.Build.0 = Debug|Any CPU
		{B830A4FE-4815-49D8-91FF-BAA7750C03FF}.Release|Any CPU.ActiveCfg = Release|Any CPU
		{B830A4FE-4815-49D8-91FF-BAA7750C03FF}.Release|Any CPU.Build.0 = Release|Any CPU
		{43345575-4503-40B4-9085-5A0AFB84A066}.Debug|Any CPU.ActiveCfg = Debug|Any CPU
		{43345575-4503-40B4-9085-5A0AFB84A066}.Debug|Any CPU.Build.0 = Debug|Any CPU
		{43345575-4503-40B4-9085-5A0AFB84A066}.Release|Any CPU.ActiveCfg = Release|Any CPU
		{43345575-4503-40B4-9085-5A0AFB84A066}.Release|Any CPU.Build.0 = Release|Any CPU
		{83F3099E-36F1-4BC8-8882-DD57106041A0}.Debug|Any CPU.ActiveCfg = Debug|Any CPU
		{83F3099E-36F1-4BC8-8882-DD57106041A0}.Debug|Any CPU.Build.0 = Debug|Any CPU
		{83F3099E-36F1-4BC8-8882-DD57106041A0}.Release|Any CPU.ActiveCfg = Release|Any CPU
		{83F3099E-36F1-4BC8-8882-DD57106041A0}.Release|Any CPU.Build.0 = Release|Any CPU
	EndGlobalSection
	GlobalSection(SolutionProperties) = preSolution
		HideSolutionNode = FALSE
	EndGlobalSection
	GlobalSection(ExtensibilityGlobals) = postSolution
		SolutionGuid = {25041B04-6BDD-4105-84E7-65568B25ED90}
	EndGlobalSection
EndGlobal
