
Microsoft Visual Studio Solution File, Format Version 12.00
# Visual Studio Version 17
VisualStudioVersion = 17.9.34723.18
MinimumVisualStudioVersion = 10.0.40219.1
Project("{9A19103F-16F7-4668-BE54-9A1E7A4F7556}") = "ProjetoTeste1", "ProjetoTeste1\ProjetoTeste1.csproj", "{9DB83029-5EE8-4727-8809-32A979B0AED9}"
EndProject
Project("{FAE04EC0-301F-11D3-BF4B-00C04F79EFBC}") = "ProjetoTeste2", "ProjetoTeste2\ProjetoTeste2.csproj", "{05E3BE09-7941-4710-9F12-E9F9CEFA6405}"
EndProject
Project("{FAE04EC0-301F-11D3-BF4B-00C04F79EFBC}") = "ProjetoTeste3", "ProjetoTeste3\ProjetoTeste3.csproj", "{7553DE5C-70EE-4B23-BF68-808C58A23BFD}"
EndProject
Global
	GlobalSection(SolutionConfigurationPlatforms) = preSolution
		Debug|Any CPU = Debug|Any CPU
		Release|Any CPU = Release|Any CPU
	EndGlobalSection
	GlobalSection(ProjectConfigurationPlatforms) = postSolution
		{9DB83029-5EE8-4727-8809-32A979B0AED9}.Debug|Any CPU.ActiveCfg = Debug|Any CPU
		{9DB83029-5EE8-4727-8809-32A979B0AED9}.Debug|Any CPU.Build.0 = Debug|Any CPU
		{9DB83029-5EE8-4727-8809-32A979B0AED9}.Release|Any CPU.ActiveCfg = Release|Any CPU
		{9DB83029-5EE8-4727-8809-32A979B0AED9}.Release|Any CPU.Build.0 = Release|Any CPU
		{05E3BE09-7941-4710-9F12-E9F9CEFA6405}.Debug|Any CPU.ActiveCfg = Debug|Any CPU
		{05E3BE09-7941-4710-9F12-E9F9CEFA6405}.Debug|Any CPU.Build.0 = Debug|Any CPU
		{05E3BE09-7941-4710-9F12-E9F9CEFA6405}.Release|Any CPU.ActiveCfg = Release|Any CPU
		{05E3BE09-7941-4710-9F12-E9F9CEFA6405}.Release|Any CPU.Build.0 = Release|Any CPU
		{7553DE5C-70EE-4B23-BF68-808C58A23BFD}.Debug|Any CPU.ActiveCfg = Debug|Any CPU
		{7553DE5C-70EE-4B23-BF68-808C58A23BFD}.Debug|Any CPU.Build.0 = Debug|Any CPU
		{7553DE5C-70EE-4B23-BF68-808C58A23BFD}.Release|Any CPU.ActiveCfg = Release|Any CPU
		{7553DE5C-70EE-4B23-BF68-808C58A23BFD}.Release|Any CPU.Build.0 = Release|Any CPU
	EndGlobalSection
	GlobalSection(SolutionProperties) = preSolution
		HideSolutionNode = FALSE
	EndGlobalSection
	GlobalSection(ExtensibilityGlobals) = postSolution
		SolutionGuid = {EC21ACEE-BBC6-4F16-87A2-5A500341342C}
	EndGlobalSection
EndGlobal
